
Microsoft Visual Studio Solution File, Format Version 12.00
# Visual Studio Version 17
VisualStudioVersion = 17.10.35013.160
MinimumVisualStudioVersion = 10.0.40219.1
Project("{FAE04EC0-301F-11D3-BF4B-00C04F79EFBC}") = "BS.Contracts", "BS.Contracts.csproj", "{A018541B-37EE-446C-AFA9-598C96913934}"
EndProject
Global
	GlobalSection(SolutionConfigurationPlatforms) = preSolution
		Debug|Any CPU = Debug|Any CPU
		Release|Any CPU = Release|Any CPU
	EndGlobalSection
	GlobalSection(ProjectConfigurationPlatforms) = postSolution
		{A018541B-37EE-446C-AFA9-598C96913934}.Debug|Any CPU.ActiveCfg = Debug|Any CPU
		{A018541B-37EE-446C-AFA9-598C96913934}.Debug|Any CPU.Build.0 = Debug|Any CPU
		{A018541B-37EE-446C-AFA9-598C96913934}.Release|Any CPU.ActiveCfg = Release|Any CPU
		{A018541B-37EE-446C-AFA9-598C96913934}.Release|Any CPU.Build.0 = Release|Any CPU
	EndGlobalSection
	GlobalSection(SolutionProperties) = preSolution
		HideSolutionNode = FALSE
	EndGlobalSection
	GlobalSection(ExtensibilityGlobals) = postSolution
		SolutionGuid = {A43A0AEA-E456-4B6B-826E-AE8A2174BF96}
	EndGlobalSection
EndGlobal
